// !$*UTF8*$!
{
	archiveVersion = 1;
	classes = {
	};
	objectVersion = 50;
	objects = {

/* Begin PBXBuildFile section */
		23124AA322525B4A00ACEE9E /* Api.swift in Sources */ = {isa = PBXBuildFile; fileRef = 23124AA222525B4A00ACEE9E /* Api.swift */; };
		23124AA722526C8800ACEE9E /* ApiRouters.swift in Sources */ = {isa = PBXBuildFile; fileRef = 23124AA622526C8800ACEE9E /* ApiRouters.swift */; };
		231DD04B225BA0C4007EFFF0 /* HomeCell.swift in Sources */ = {isa = PBXBuildFile; fileRef = 231DD04A225BA0C4007EFFF0 /* HomeCell.swift */; };
		237B0AE3224FAF59005F6E43 /* MenuBar.swift in Sources */ = {isa = PBXBuildFile; fileRef = 237B0AE2224FAF59005F6E43 /* MenuBar.swift */; };
		237B0AE5224FC169005F6E43 /* BaseCell.swift in Sources */ = {isa = PBXBuildFile; fileRef = 237B0AE4224FC169005F6E43 /* BaseCell.swift */; };
		237B0AE7224FC325005F6E43 /* MenuCell.swift in Sources */ = {isa = PBXBuildFile; fileRef = 237B0AE6224FC325005F6E43 /* MenuCell.swift */; };
		238551A12250741500808AB2 /* Video.swift in Sources */ = {isa = PBXBuildFile; fileRef = 238551A02250741500808AB2 /* Video.swift */; };
		23967D89225994D900483178 /* SettingCell.swift in Sources */ = {isa = PBXBuildFile; fileRef = 23967D88225994D900483178 /* SettingCell.swift */; };
		239B8DC3224BBA9A00914367 /* AppDelegate.swift in Sources */ = {isa = PBXBuildFile; fileRef = 239B8DC2224BBA9A00914367 /* AppDelegate.swift */; };
		239B8DC5224BBA9A00914367 /* HomeController.swift in Sources */ = {isa = PBXBuildFile; fileRef = 239B8DC4224BBA9A00914367 /* HomeController.swift */; };
		239B8DC8224BBA9A00914367 /* Main.storyboard in Resources */ = {isa = PBXBuildFile; fileRef = 239B8DC6224BBA9A00914367 /* Main.storyboard */; };
		239B8DCA224BBA9C00914367 /* Assets.xcassets in Resources */ = {isa = PBXBuildFile; fileRef = 239B8DC9224BBA9C00914367 /* Assets.xcassets */; };
		239B8DCD224BBA9C00914367 /* LaunchScreen.storyboard in Resources */ = {isa = PBXBuildFile; fileRef = 239B8DCB224BBA9C00914367 /* LaunchScreen.storyboard */; };
		239C502022565BEB00FDDA29 /* SettingLaucher.swift in Sources */ = {isa = PBXBuildFile; fileRef = 239C501F22565BEB00FDDA29 /* SettingLaucher.swift */; };
		23B286EC225CEAD600A5E8E9 /* TrendingCell.swift in Sources */ = {isa = PBXBuildFile; fileRef = 23B286EB225CEAD600A5E8E9 /* TrendingCell.swift */; };
		23B286EE225CF15100A5E8E9 /* SubcriptionCell.swift in Sources */ = {isa = PBXBuildFile; fileRef = 23B286ED225CF15100A5E8E9 /* SubcriptionCell.swift */; };
		23E7E0F52253BF3200C226FC /* BaseService.swift in Sources */ = {isa = PBXBuildFile; fileRef = 23E7E0F42253BF3200C226FC /* BaseService.swift */; };
		23E7E0F72253C95300C226FC /* GetData.swift in Sources */ = {isa = PBXBuildFile; fileRef = 23E7E0F62253C95300C226FC /* GetData.swift */; };
		23F3E9C8224D3116005CBF51 /* Extensions.swift in Sources */ = {isa = PBXBuildFile; fileRef = 23F3E9C7224D3116005CBF51 /* Extensions.swift */; };
		23F3E9CB224D3186005CBF51 /* VideoCell.swift in Sources */ = {isa = PBXBuildFile; fileRef = 23F3E9CA224D3186005CBF51 /* VideoCell.swift */; };
		7FB455A64737846917457AFD /* Pods_Youtube.framework in Frameworks */ = {isa = PBXBuildFile; fileRef = 1E91C92ECCEF177545C51923 /* Pods_Youtube.framework */; };
/* End PBXBuildFile section */

/* Begin PBXFileReference section */
		1E91C92ECCEF177545C51923 /* Pods_Youtube.framework */ = {isa = PBXFileReference; explicitFileType = wrapper.framework; includeInIndex = 0; path = Pods_Youtube.framework; sourceTree = BUILT_PRODUCTS_DIR; };
		23124AA222525B4A00ACEE9E /* Api.swift */ = {isa = PBXFileReference; lastKnownFileType = sourcecode.swift; path = Api.swift; sourceTree = "<group>"; };
		23124AA622526C8800ACEE9E /* ApiRouters.swift */ = {isa = PBXFileReference; lastKnownFileType = sourcecode.swift; path = ApiRouters.swift; sourceTree = "<group>"; };
		231DD04A225BA0C4007EFFF0 /* HomeCell.swift */ = {isa = PBXFileReference; lastKnownFileType = sourcecode.swift; path = HomeCell.swift; sourceTree = "<group>"; };
		237B0AE2224FAF59005F6E43 /* MenuBar.swift */ = {isa = PBXFileReference; lastKnownFileType = sourcecode.swift; path = MenuBar.swift; sourceTree = "<group>"; };
		237B0AE4224FC169005F6E43 /* BaseCell.swift */ = {isa = PBXFileReference; lastKnownFileType = sourcecode.swift; path = BaseCell.swift; sourceTree = "<group>"; };
		237B0AE6224FC325005F6E43 /* MenuCell.swift */ = {isa = PBXFileReference; lastKnownFileType = sourcecode.swift; path = MenuCell.swift; sourceTree = "<group>"; };
		238551A02250741500808AB2 /* Video.swift */ = {isa = PBXFileReference; lastKnownFileType = sourcecode.swift; path = Video.swift; sourceTree = "<group>"; };
		23967D88225994D900483178 /* SettingCell.swift */ = {isa = PBXFileReference; lastKnownFileType = sourcecode.swift; path = SettingCell.swift; sourceTree = "<group>"; };
		239B8DBF224BBA9A00914367 /* Youtube.app */ = {isa = PBXFileReference; explicitFileType = wrapper.application; includeInIndex = 0; path = Youtube.app; sourceTree = BUILT_PRODUCTS_DIR; };
		239B8DC2224BBA9A00914367 /* AppDelegate.swift */ = {isa = PBXFileReference; lastKnownFileType = sourcecode.swift; path = AppDelegate.swift; sourceTree = "<group>"; };
		239B8DC4224BBA9A00914367 /* HomeController.swift */ = {isa = PBXFileReference; lastKnownFileType = sourcecode.swift; path = HomeController.swift; sourceTree = "<group>"; };
		239B8DC7224BBA9A00914367 /* Base */ = {isa = PBXFileReference; lastKnownFileType = file.storyboard; name = Base; path = Base.lproj/Main.storyboard; sourceTree = "<group>"; };
		239B8DC9224BBA9C00914367 /* Assets.xcassets */ = {isa = PBXFileReference; lastKnownFileType = folder.assetcatalog; path = Assets.xcassets; sourceTree = "<group>"; };
		239B8DCC224BBA9C00914367 /* Base */ = {isa = PBXFileReference; lastKnownFileType = file.storyboard; name = Base; path = Base.lproj/LaunchScreen.storyboard; sourceTree = "<group>"; };
		239B8DCE224BBA9C00914367 /* Info.plist */ = {isa = PBXFileReference; lastKnownFileType = text.plist.xml; path = Info.plist; sourceTree = "<group>"; };
		239C501F22565BEB00FDDA29 /* SettingLaucher.swift */ = {isa = PBXFileReference; lastKnownFileType = sourcecode.swift; path = SettingLaucher.swift; sourceTree = "<group>"; };
		23B286EB225CEAD600A5E8E9 /* TrendingCell.swift */ = {isa = PBXFileReference; lastKnownFileType = sourcecode.swift; path = TrendingCell.swift; sourceTree = "<group>"; };
		23B286ED225CF15100A5E8E9 /* SubcriptionCell.swift */ = {isa = PBXFileReference; lastKnownFileType = sourcecode.swift; path = SubcriptionCell.swift; sourceTree = "<group>"; };
		23E7E0F42253BF3200C226FC /* BaseService.swift */ = {isa = PBXFileReference; lastKnownFileType = sourcecode.swift; path = BaseService.swift; sourceTree = "<group>"; };
		23E7E0F62253C95300C226FC /* GetData.swift */ = {isa = PBXFileReference; lastKnownFileType = sourcecode.swift; path = GetData.swift; sourceTree = "<group>"; };
		23F3E9C7224D3116005CBF51 /* Extensions.swift */ = {isa = PBXFileReference; lastKnownFileType = sourcecode.swift; path = Extensions.swift; sourceTree = "<group>"; };
		23F3E9CA224D3186005CBF51 /* VideoCell.swift */ = {isa = PBXFileReference; lastKnownFileType = sourcecode.swift; path = VideoCell.swift; sourceTree = "<group>"; };
		3CA2E98D6184860E1484B05B /* Pods-Youtube.debug.xcconfig */ = {isa = PBXFileReference; includeInIndex = 1; lastKnownFileType = text.xcconfig; name = "Pods-Youtube.debug.xcconfig"; path = "Target Support Files/Pods-Youtube/Pods-Youtube.debug.xcconfig"; sourceTree = "<group>"; };
		BB77B42CAA650B463B875119 /* Pods-Youtube.release.xcconfig */ = {isa = PBXFileReference; includeInIndex = 1; lastKnownFileType = text.xcconfig; name = "Pods-Youtube.release.xcconfig"; path = "Target Support Files/Pods-Youtube/Pods-Youtube.release.xcconfig"; sourceTree = "<group>"; };
/* End PBXFileReference section */

/* Begin PBXFrameworksBuildPhase section */
		239B8DBC224BBA9A00914367 /* Frameworks */ = {
			isa = PBXFrameworksBuildPhase;
			buildActionMask = 2147483647;
			files = (
				7FB455A64737846917457AFD /* Pods_Youtube.framework in Frameworks */,
			);
			runOnlyForDeploymentPostprocessing = 0;
		};
/* End PBXFrameworksBuildPhase section */

/* Begin PBXGroup section */
		23124AA122525B3200ACEE9E /* API */ = {
			isa = PBXGroup;
			children = (
				23124AA222525B4A00ACEE9E /* Api.swift */,
				23124AA622526C8800ACEE9E /* ApiRouters.swift */,
				23E7E0F42253BF3200C226FC /* BaseService.swift */,
				23E7E0F62253C95300C226FC /* GetData.swift */,
			);
			path = API;
			sourceTree = "<group>";
		};
		237B0AE8224FC450005F6E43 /* Bar */ = {
			isa = PBXGroup;
			children = (
				237B0AE2224FAF59005F6E43 /* MenuBar.swift */,
			);
			path = Bar;
			sourceTree = "<group>";
		};
		2385519F2250740100808AB2 /* Models */ = {
			isa = PBXGroup;
			children = (
				238551A02250741500808AB2 /* Video.swift */,
			);
			path = Models;
			sourceTree = "<group>";
		};
		239B8DB6224BBA9A00914367 = {
			isa = PBXGroup;
			children = (
				239B8DC1224BBA9A00914367 /* Youtube */,
				239B8DC0224BBA9A00914367 /* Products */,
				5A57DCE4FCB13C41781BAB15 /* Pods */,
				B0F1B315768FE73AA23544B3 /* Frameworks */,
			);
			sourceTree = "<group>";
		};
		239B8DC0224BBA9A00914367 /* Products */ = {
			isa = PBXGroup;
			children = (
				239B8DBF224BBA9A00914367 /* Youtube.app */,
			);
			name = Products;
			sourceTree = "<group>";
		};
		239B8DC1224BBA9A00914367 /* Youtube */ = {
			isa = PBXGroup;
			children = (
				23124AA122525B3200ACEE9E /* API */,
				2385519F2250740100808AB2 /* Models */,
				237B0AE8224FC450005F6E43 /* Bar */,
				23F3E9C9224D316D005CBF51 /* View */,
				23F3E9CC224D31F3005CBF51 /* Controller */,
				23F3E9C6224D30FE005CBF51 /* Helpers */,
				239B8DC2224BBA9A00914367 /* AppDelegate.swift */,
				239B8DC6224BBA9A00914367 /* Main.storyboard */,
				239B8DC9224BBA9C00914367 /* Assets.xcassets */,
				239B8DCB224BBA9C00914367 /* LaunchScreen.storyboard */,
				239B8DCE224BBA9C00914367 /* Info.plist */,
			);
			path = Youtube;
			sourceTree = "<group>";
		};
		23F3E9C6224D30FE005CBF51 /* Helpers */ = {
			isa = PBXGroup;
			children = (
				23F3E9C7224D3116005CBF51 /* Extensions.swift */,
			);
			path = Helpers;
			sourceTree = "<group>";
		};
		23F3E9C9224D316D005CBF51 /* View */ = {
			isa = PBXGroup;
			children = (
				237B0AE4224FC169005F6E43 /* BaseCell.swift */,
				23F3E9CA224D3186005CBF51 /* VideoCell.swift */,
				237B0AE6224FC325005F6E43 /* MenuCell.swift */,
				23967D88225994D900483178 /* SettingCell.swift */,
				231DD04A225BA0C4007EFFF0 /* HomeCell.swift */,
				23B286EB225CEAD600A5E8E9 /* TrendingCell.swift */,
				23B286ED225CF15100A5E8E9 /* SubcriptionCell.swift */,
			);
			path = View;
			sourceTree = "<group>";
		};
		23F3E9CC224D31F3005CBF51 /* Controller */ = {
			isa = PBXGroup;
			children = (
				239B8DC4224BBA9A00914367 /* HomeController.swift */,
				239C501F22565BEB00FDDA29 /* SettingLaucher.swift */,
			);
			path = Controller;
			sourceTree = "<group>";
		};
		5A57DCE4FCB13C41781BAB15 /* Pods */ = {
			isa = PBXGroup;
			children = (
				3CA2E98D6184860E1484B05B /* Pods-Youtube.debug.xcconfig */,
				BB77B42CAA650B463B875119 /* Pods-Youtube.release.xcconfig */,
			);
			path = Pods;
			sourceTree = "<group>";
		};
		B0F1B315768FE73AA23544B3 /* Frameworks */ = {
			isa = PBXGroup;
			children = (
				1E91C92ECCEF177545C51923 /* Pods_Youtube.framework */,
			);
			name = Frameworks;
			sourceTree = "<group>";
		};
/* End PBXGroup section */

/* Begin PBXNativeTarget section */
		239B8DBE224BBA9A00914367 /* Youtube */ = {
			isa = PBXNativeTarget;
			buildConfigurationList = 239B8DD1224BBA9C00914367 /* Build configuration list for PBXNativeTarget "Youtube" */;
			buildPhases = (
				7CC90FCAC2DBF59A599C9730 /* [CP] Check Pods Manifest.lock */,
				239B8DBB224BBA9A00914367 /* Sources */,
				239B8DBC224BBA9A00914367 /* Frameworks */,
				239B8DBD224BBA9A00914367 /* Resources */,
				066D9330630B97CAB56D8777 /* [CP] Embed Pods Frameworks */,
			);
			buildRules = (
			);
			dependencies = (
			);
			name = Youtube;
			productName = Youtube;
			productReference = 239B8DBF224BBA9A00914367 /* Youtube.app */;
			productType = "com.apple.product-type.application";
		};
/* End PBXNativeTarget section */

/* Begin PBXProject section */
		239B8DB7224BBA9A00914367 /* Project object */ = {
			isa = PBXProject;
			attributes = {
				LastSwiftUpdateCheck = 1000;
				LastUpgradeCheck = 1000;
				ORGANIZATIONNAME = win;
				TargetAttributes = {
					239B8DBE224BBA9A00914367 = {
						CreatedOnToolsVersion = 10.0;
					};
				};
			};
			buildConfigurationList = 239B8DBA224BBA9A00914367 /* Build configuration list for PBXProject "Youtube" */;
			compatibilityVersion = "Xcode 9.3";
			developmentRegion = en;
			hasScannedForEncodings = 0;
			knownRegions = (
				en,
				Base,
			);
			mainGroup = 239B8DB6224BBA9A00914367;
			productRefGroup = 239B8DC0224BBA9A00914367 /* Products */;
			projectDirPath = "";
			projectRoot = "";
			targets = (
				239B8DBE224BBA9A00914367 /* Youtube */,
			);
		};
/* End PBXProject section */

/* Begin PBXResourcesBuildPhase section */
		239B8DBD224BBA9A00914367 /* Resources */ = {
			isa = PBXResourcesBuildPhase;
			buildActionMask = 2147483647;
			files = (
				239B8DCD224BBA9C00914367 /* LaunchScreen.storyboard in Resources */,
				239B8DCA224BBA9C00914367 /* Assets.xcassets in Resources */,
				239B8DC8224BBA9A00914367 /* Main.storyboard in Resources */,
			);
			runOnlyForDeploymentPostprocessing = 0;
		};
/* End PBXResourcesBuildPhase section */

/* Begin PBXShellScriptBuildPhase section */
		066D9330630B97CAB56D8777 /* [CP] Embed Pods Frameworks */ = {
			isa = PBXShellScriptBuildPhase;
			buildActionMask = 2147483647;
			files = (
			);
			inputFileListPaths = (
			);
			inputPaths = (
				"${PODS_ROOT}/Target Support Files/Pods-Youtube/Pods-Youtube-frameworks.sh",
				"${BUILT_PRODUCTS_DIR}/Alamofire/Alamofire.framework",
				"${BUILT_PRODUCTS_DIR}/RxAtomic/RxAtomic.framework",
				"${BUILT_PRODUCTS_DIR}/RxCocoa/RxCocoa.framework",
				"${BUILT_PRODUCTS_DIR}/RxSwift/RxSwift.framework",
			);
			name = "[CP] Embed Pods Frameworks";
			outputFileListPaths = (
			);
			outputPaths = (
				"${TARGET_BUILD_DIR}/${FRAMEWORKS_FOLDER_PATH}/Alamofire.framework",
				"${TARGET_BUILD_DIR}/${FRAMEWORKS_FOLDER_PATH}/RxAtomic.framework",
				"${TARGET_BUILD_DIR}/${FRAMEWORKS_FOLDER_PATH}/RxCocoa.framework",
				"${TARGET_BUILD_DIR}/${FRAMEWORKS_FOLDER_PATH}/RxSwift.framework",
			);
			runOnlyForDeploymentPostprocessing = 0;
			shellPath = /bin/sh;
			shellScript = "\"${PODS_ROOT}/Target Support Files/Pods-Youtube/Pods-Youtube-frameworks.sh\"\n";
			showEnvVarsInLog = 0;
		};
		7CC90FCAC2DBF59A599C9730 /* [CP] Check Pods Manifest.lock */ = {
			isa = PBXShellScriptBuildPhase;
			buildActionMask = 2147483647;
			files = (
			);
			inputFileListPaths = (
			);
			inputPaths = (
				"${PODS_PODFILE_DIR_PATH}/Podfile.lock",
				"${PODS_ROOT}/Manifest.lock",
			);
			name = "[CP] Check Pods Manifest.lock";
			outputFileListPaths = (
			);
			outputPaths = (
				"$(DERIVED_FILE_DIR)/Pods-Youtube-checkManifestLockResult.txt",
			);
			runOnlyForDeploymentPostprocessing = 0;
			shellPath = /bin/sh;
			shellScript = "diff \"${PODS_PODFILE_DIR_PATH}/Podfile.lock\" \"${PODS_ROOT}/Manifest.lock\" > /dev/null\nif [ $? != 0 ] ; then\n    # print error to STDERR\n    echo \"error: The sandbox is not in sync with the Podfile.lock. Run 'pod install' or update your CocoaPods installation.\" >&2\n    exit 1\nfi\n# This output is used by Xcode 'outputs' to avoid re-running this script phase.\necho \"SUCCESS\" > \"${SCRIPT_OUTPUT_FILE_0}\"\n";
			showEnvVarsInLog = 0;
		};
/* End PBXShellScriptBuildPhase section */

/* Begin PBXSourcesBuildPhase section */
		239B8DBB224BBA9A00914367 /* Sources */ = {
			isa = PBXSourcesBuildPhase;
			buildActionMask = 2147483647;
			files = (
				237B0AE7224FC325005F6E43 /* MenuCell.swift in Sources */,
				23B286EE225CF15100A5E8E9 /* SubcriptionCell.swift in Sources */,
				239B8DC5224BBA9A00914367 /* HomeController.swift in Sources */,
				23F3E9CB224D3186005CBF51 /* VideoCell.swift in Sources */,
				238551A12250741500808AB2 /* Video.swift in Sources */,
				237B0AE5224FC169005F6E43 /* BaseCell.swift in Sources */,
				23F3E9C8224D3116005CBF51 /* Extensions.swift in Sources */,
				239B8DC3224BBA9A00914367 /* AppDelegate.swift in Sources */,
				237B0AE3224FAF59005F6E43 /* MenuBar.swift in Sources */,
				23B286EC225CEAD600A5E8E9 /* TrendingCell.swift in Sources */,
				23967D89225994D900483178 /* SettingCell.swift in Sources */,
				23E7E0F52253BF3200C226FC /* BaseService.swift in Sources */,
				23124AA322525B4A00ACEE9E /* Api.swift in Sources */,
				23E7E0F72253C95300C226FC /* GetData.swift in Sources */,
				231DD04B225BA0C4007EFFF0 /* HomeCell.swift in Sources */,
				23124AA722526C8800ACEE9E /* ApiRouters.swift in Sources */,
				239C502022565BEB00FDDA29 /* SettingLaucher.swift in Sources */,
			);
			runOnlyForDeploymentPostprocessing = 0;
		};
/* End PBXSourcesBuildPhase section */

/* Begin PBXVariantGroup section */
		239B8DC6224BBA9A00914367 /* Main.storyboard */ = {
			isa = PBXVariantGroup;
			children = (
				239B8DC7224BBA9A00914367 /* Base */,
			);
			name = Main.storyboard;
			sourceTree = "<group>";
		};
		239B8DCB224BBA9C00914367 /* LaunchScreen.storyboard */ = {
			isa = PBXVariantGroup;
			children = (
				239B8DCC224BBA9C00914367 /* Base */,
			);
			name = LaunchScreen.storyboard;
			sourceTree = "<group>";
		};
/* End PBXVariantGroup section */

/* Begin XCBuildConfiguration section */
		239B8DCF224BBA9C00914367 /* Debug */ = {
			isa = XCBuildConfiguration;
			buildSettings = {
				ALWAYS_SEARCH_USER_PATHS = NO;
				CLANG_ANALYZER_NONNULL = YES;
				CLANG_ANALYZER_NUMBER_OBJECT_CONVERSION = YES_AGGRESSIVE;
				CLANG_CXX_LANGUAGE_STANDARD = "gnu++14";
				CLANG_CXX_LIBRARY = "libc++";
				CLANG_ENABLE_MODULES = YES;
				CLANG_ENABLE_OBJC_ARC = YES;
				CLANG_ENABLE_OBJC_WEAK = YES;
				CLANG_WARN_BLOCK_CAPTURE_AUTORELEASING = YES;
				CLANG_WARN_BOOL_CONVERSION = YES;
				CLANG_WARN_COMMA = YES;
				CLANG_WARN_CONSTANT_CONVERSION = YES;
				CLANG_WARN_DEPRECATED_OBJC_IMPLEMENTATIONS = YES;
				CLANG_WARN_DIRECT_OBJC_ISA_USAGE = YES_ERROR;
				CLANG_WARN_DOCUMENTATION_COMMENTS = YES;
				CLANG_WARN_EMPTY_BODY = YES;
				CLANG_WARN_ENUM_CONVERSION = YES;
				CLANG_WARN_INFINITE_RECURSION = YES;
				CLANG_WARN_INT_CONVERSION = YES;
				CLANG_WARN_NON_LITERAL_NULL_CONVERSION = YES;
				CLANG_WARN_OBJC_IMPLICIT_RETAIN_SELF = YES;
				CLANG_WARN_OBJC_LITERAL_CONVERSION = YES;
				CLANG_WARN_OBJC_ROOT_CLASS = YES_ERROR;
				CLANG_WARN_RANGE_LOOP_ANALYSIS = YES;
				CLANG_WARN_STRICT_PROTOTYPES = YES;
				CLANG_WARN_SUSPICIOUS_MOVE = YES;
				CLANG_WARN_UNGUARDED_AVAILABILITY = YES_AGGRESSIVE;
				CLANG_WARN_UNREACHABLE_CODE = YES;
				CLANG_WARN__DUPLICATE_METHOD_MATCH = YES;
				CODE_SIGN_IDENTITY = "iPhone Developer";
				COPY_PHASE_STRIP = NO;
				DEBUG_INFORMATION_FORMAT = dwarf;
				ENABLE_STRICT_OBJC_MSGSEND = YES;
				ENABLE_TESTABILITY = YES;
				GCC_C_LANGUAGE_STANDARD = gnu11;
				GCC_DYNAMIC_NO_PIC = NO;
				GCC_NO_COMMON_BLOCKS = YES;
				GCC_OPTIMIZATION_LEVEL = 0;
				GCC_PREPROCESSOR_DEFINITIONS = (
					"DEBUG=1",
					"$(inherited)",
				);
				GCC_WARN_64_TO_32_BIT_CONVERSION = YES;
				GCC_WARN_ABOUT_RETURN_TYPE = YES_ERROR;
				GCC_WARN_UNDECLARED_SELECTOR = YES;
				GCC_WARN_UNINITIALIZED_AUTOS = YES_AGGRESSIVE;
				GCC_WARN_UNUSED_FUNCTION = YES;
				GCC_WARN_UNUSED_VARIABLE = YES;
				IPHONEOS_DEPLOYMENT_TARGET = 12.0;
				MTL_ENABLE_DEBUG_INFO = INCLUDE_SOURCE;
				MTL_FAST_MATH = YES;
				ONLY_ACTIVE_ARCH = YES;
				SDKROOT = iphoneos;
				SWIFT_ACTIVE_COMPILATION_CONDITIONS = DEBUG;
				SWIFT_OPTIMIZATION_LEVEL = "-Onone";
			};
			name = Debug;
		};
		239B8DD0224BBA9C00914367 /* Release */ = {
			isa = XCBuildConfiguration;
			buildSettings = {
				ALWAYS_SEARCH_USER_PATHS = NO;
				CLANG_ANALYZER_NONNULL = YES;
				CLANG_ANALYZER_NUMBER_OBJECT_CONVERSION = YES_AGGRESSIVE;
				CLANG_CXX_LANGUAGE_STANDARD = "gnu++14";
				CLANG_CXX_LIBRARY = "libc++";
				CLANG_ENABLE_MODULES = YES;
				CLANG_ENABLE_OBJC_ARC = YES;
				CLANG_ENABLE_OBJC_WEAK = YES;
				CLANG_WARN_BLOCK_CAPTURE_AUTORELEASING = YES;
				CLANG_WARN_BOOL_CONVERSION = YES;
				CLANG_WARN_COMMA = YES;
				CLANG_WARN_CONSTANT_CONVERSION = YES;
				CLANG_WARN_DEPRECATED_OBJC_IMPLEMENTATIONS = YES;
				CLANG_WARN_DIRECT_OBJC_ISA_USAGE = YES_ERROR;
				CLANG_WARN_DOCUMENTATION_COMMENTS = YES;
				CLANG_WARN_EMPTY_BODY = YES;
				CLANG_WARN_ENUM_CONVERSION = YES;
				CLANG_WARN_INFINITE_RECURSION = YES;
				CLANG_WARN_INT_CONVERSION = YES;
				CLANG_WARN_NON_LITERAL_NULL_CONVERSION = YES;
				CLANG_WARN_OBJC_IMPLICIT_RETAIN_SELF = YES;
				CLANG_WARN_OBJC_LITERAL_CONVERSION = YES;
				CLANG_WARN_OBJC_ROOT_CLASS = YES_ERROR;
				CLANG_WARN_RANGE_LOOP_ANALYSIS = YES;
				CLANG_WARN_STRICT_PROTOTYPES = YES;
				CLANG_WARN_SUSPICIOUS_MOVE = YES;
				CLANG_WARN_UNGUARDED_AVAILABILITY = YES_AGGRESSIVE;
				CLANG_WARN_UNREACHABLE_CODE = YES;
				CLANG_WARN__DUPLICATE_METHOD_MATCH = YES;
				CODE_SIGN_IDENTITY = "iPhone Developer";
				COPY_PHASE_STRIP = NO;
				DEBUG_INFORMATION_FORMAT = "dwarf-with-dsym";
				ENABLE_NS_ASSERTIONS = NO;
				ENABLE_STRICT_OBJC_MSGSEND = YES;
				GCC_C_LANGUAGE_STANDARD = gnu11;
				GCC_NO_COMMON_BLOCKS = YES;
				GCC_WARN_64_TO_32_BIT_CONVERSION = YES;
				GCC_WARN_ABOUT_RETURN_TYPE = YES_ERROR;
				GCC_WARN_UNDECLARED_SELECTOR = YES;
				GCC_WARN_UNINITIALIZED_AUTOS = YES_AGGRESSIVE;
				GCC_WARN_UNUSED_FUNCTION = YES;
				GCC_WARN_UNUSED_VARIABLE = YES;
				IPHONEOS_DEPLOYMENT_TARGET = 12.0;
				MTL_ENABLE_DEBUG_INFO = NO;
				MTL_FAST_MATH = YES;
				SDKROOT = iphoneos;
				SWIFT_COMPILATION_MODE = wholemodule;
				SWIFT_OPTIMIZATION_LEVEL = "-O";
				VALIDATE_PRODUCT = YES;
			};
			name = Release;
		};
		239B8DD2224BBA9C00914367 /* Debug */ = {
			isa = XCBuildConfiguration;
			baseConfigurationReference = 3CA2E98D6184860E1484B05B /* Pods-Youtube.debug.xcconfig */;
			buildSettings = {
				ASSETCATALOG_COMPILER_APPICON_NAME = AppIcon;
				CODE_SIGN_STYLE = Automatic;
				DEVELOPMENT_TEAM = BNSLJ8LFRL;
				INFOPLIST_FILE = Youtube/Info.plist;
				LD_RUNPATH_SEARCH_PATHS = (
					"$(inherited)",
					"@executable_path/Frameworks",
				);
				PRODUCT_BUNDLE_IDENTIFIER = com.Ant.Youtube;
				PRODUCT_NAME = "$(TARGET_NAME)";
				SWIFT_VERSION = 4.2;
				TARGETED_DEVICE_FAMILY = "1,2";
			};
			name = Debug;
		};
		239B8DD3224BBA9C00914367 /* Release */ = {
			isa = XCBuildConfiguration;
			baseConfigurationReference = BB77B42CAA650B463B875119 /* Pods-Youtube.release.xcconfig */;
			buildSettings = {
				ASSETCATALOG_COMPILER_APPICON_NAME = AppIcon;
				CODE_SIGN_STYLE = Automatic;
				DEVELOPMENT_TEAM = BNSLJ8LFRL;
				INFOPLIST_FILE = Youtube/Info.plist;
				LD_RUNPATH_SEARCH_PATHS = (
					"$(inherited)",
					"@executable_path/Frameworks",
				);
				PRODUCT_BUNDLE_IDENTIFIER = com.Ant.Youtube;
				PRODUCT_NAME = "$(TARGET_NAME)";
				SWIFT_VERSION = 4.2;
				TARGETED_DEVICE_FAMILY = "1,2";
			};
			name = Release;
		};
/* End XCBuildConfiguration section */

/* Begin XCConfigurationList section */
		239B8DBA224BBA9A00914367 /* Build configuration list for PBXProject "Youtube" */ = {
			isa = XCConfigurationList;
			buildConfigurations = (
				239B8DCF224BBA9C00914367 /* Debug */,
				239B8DD0224BBA9C00914367 /* Release */,
			);
			defaultConfigurationIsVisible = 0;
			defaultConfigurationName = Release;
		};
		239B8DD1224BBA9C00914367 /* Build configuration list for PBXNativeTarget "Youtube" */ = {
			isa = XCConfigurationList;
			buildConfigurations = (
				239B8DD2224BBA9C00914367 /* Debug */,
				239B8DD3224BBA9C00914367 /* Release */,
			);
			defaultConfigurationIsVisible = 0;
			defaultConfigurationName = Release;
		};
/* End XCConfigurationList section */
	};
	rootObject = 239B8DB7224BBA9A00914367 /* Project object */;
}
